
Microsoft Visual Studio Solution File, Format Version 12.00
# Visual Studio Version 17
VisualStudioVersion = 17.13.35806.99
MinimumVisualStudioVersion = 10.0.40219.1
Project("{FAE04EC0-301F-11D3-BF4B-00C04F79EFBC}") = "DOMRIA", "DOMRIA\DOMRIA.csproj", "{B6FC5DA3-EFCA-415D-BE7D-6421204BA94D}"
EndProject
Project("{FAE04EC0-301F-11D3-BF4B-00C04F79EFBC}") = "DomRiaBot.Tests", "DomRiaBot.Tests\DomRiaBot.Tests.csproj", "{6F503FCE-6829-49F8-9D1D-E61B0CD396B1}"
EndProject
Global
	GlobalSection(SolutionConfigurationPlatforms) = preSolution
		Debug|Any CPU = Debug|Any CPU
		Debug|x64 = Debug|x64
		Debug|x86 = Debug|x86
		Release|Any CPU = Release|Any CPU
		Release|x64 = Release|x64
		Release|x86 = Release|x86
	EndGlobalSection
	GlobalSection(ProjectConfigurationPlatforms) = postSolution
		{B6FC5DA3-EFCA-415D-BE7D-6421204BA94D}.Debug|Any CPU.ActiveCfg = Debug|Any CPU
		{B6FC5DA3-EFCA-415D-BE7D-6421204BA94D}.Debug|Any CPU.Build.0 = Debug|Any CPU
		{B6FC5DA3-EFCA-415D-BE7D-6421204BA94D}.Debug|x64.ActiveCfg = Debug|Any CPU
		{B6FC5DA3-EFCA-415D-BE7D-6421204BA94D}.Debug|x64.Build.0 = Debug|Any CPU
		{B6FC5DA3-EFCA-415D-BE7D-6421204BA94D}.Debug|x86.ActiveCfg = Debug|Any CPU
		{B6FC5DA3-EFCA-415D-BE7D-6421204BA94D}.Debug|x86.Build.0 = Debug|Any CPU
		{B6FC5DA3-EFCA-415D-BE7D-6421204BA94D}.Release|Any CPU.ActiveCfg = Release|Any CPU
		{B6FC5DA3-EFCA-415D-BE7D-6421204BA94D}.Release|Any CPU.Build.0 = Release|Any CPU
		{B6FC5DA3-EFCA-415D-BE7D-6421204BA94D}.Release|x64.ActiveCfg = Release|Any CPU
		{B6FC5DA3-EFCA-415D-BE7D-6421204BA94D}.Release|x64.Build.0 = Release|Any CPU
		{B6FC5DA3-EFCA-415D-BE7D-6421204BA94D}.Release|x86.ActiveCfg = Release|Any CPU
		{B6FC5DA3-EFCA-415D-BE7D-6421204BA94D}.Release|x86.Build.0 = Release|Any CPU
		{6F503FCE-6829-49F8-9D1D-E61B0CD396B1}.Debug|Any CPU.ActiveCfg = Debug|Any CPU
		{6F503FCE-6829-49F8-9D1D-E61B0CD396B1}.Debug|Any CPU.Build.0 = Debug|Any CPU
		{6F503FCE-6829-49F8-9D1D-E61B0CD396B1}.Debug|x64.ActiveCfg = Debug|Any CPU
		{6F503FCE-6829-49F8-9D1D-E61B0CD396B1}.Debug|x64.Build.0 = Debug|Any CPU
		{6F503FCE-6829-49F8-9D1D-E61B0CD396B1}.Debug|x86.ActiveCfg = Debug|Any CPU
		{6F503FCE-6829-49F8-9D1D-E61B0CD396B1}.Debug|x86.Build.0 = Debug|Any CPU
		{6F503FCE-6829-49F8-9D1D-E61B0CD396B1}.Release|Any CPU.ActiveCfg = Release|Any CPU
		{6F503FCE-6829-49F8-9D1D-E61B0CD396B1}.Release|Any CPU.Build.0 = Release|Any CPU
		{6F503FCE-6829-49F8-9D1D-E61B0CD396B1}.Release|x64.ActiveCfg = Release|Any CPU
		{6F503FCE-6829-49F8-9D1D-E61B0CD396B1}.Release|x64.Build.0 = Release|Any CPU
		{6F503FCE-6829-49F8-9D1D-E61B0CD396B1}.Release|x86.ActiveCfg = Release|Any CPU
		{6F503FCE-6829-49F8-9D1D-E61B0CD396B1}.Release|x86.Build.0 = Release|Any CPU
	EndGlobalSection
	GlobalSection(SolutionProperties) = preSolution
		HideSolutionNode = FALSE
	EndGlobalSection
	GlobalSection(ExtensibilityGlobals) = postSolution
		SolutionGuid = {88ECDDE2-2920-46DF-946B-785FEB7F9DAC}
	EndGlobalSection
EndGlobal
